
Microsoft Visual Studio Solution File, Format Version 12.00
Project("{FAE04EC0-301F-11D3-BF4B-00C04F79EFBC}") = "MalawiProjectsInventoryMVC", "MalawiProjectsInventoryMVC\MalawiProjectsInventoryMVC.csproj", "{FB400D7B-6C5E-459B-8AA3-7958A4A37BB9}"
EndProject
Global
	GlobalSection(SolutionConfigurationPlatforms) = preSolution
		Debug|Any CPU = Debug|Any CPU
		Release|Any CPU = Release|Any CPU
	EndGlobalSection
	GlobalSection(ProjectConfigurationPlatforms) = postSolution
		{FB400D7B-6C5E-459B-8AA3-7958A4A37BB9}.Debug|Any CPU.ActiveCfg = Debug|Any CPU
		{FB400D7B-6C5E-459B-8AA3-7958A4A37BB9}.Debug|Any CPU.Build.0 = Debug|Any CPU
		{FB400D7B-6C5E-459B-8AA3-7958A4A37BB9}.Release|Any CPU.ActiveCfg = Release|Any CPU
		{FB400D7B-6C5E-459B-8AA3-7958A4A37BB9}.Release|Any CPU.Build.0 = Release|Any CPU
	EndGlobalSection
EndGlobal
